
Microsoft Visual Studio Solution File, Format Version 12.00
# Visual Studio Version 17
VisualStudioVersion = 17.9.34616.47
MinimumVisualStudioVersion = 10.0.40219.1
Project("{9A19103F-16F7-4668-BE54-9A1E7A4F7556}") = "FileSort.Tests", "FileSort.Tests\FileSort.Tests.csproj", "{81FAF2A4-4475-4DBB-9F7A-CBC458496BC8}"
EndProject
Project("{9A19103F-16F7-4668-BE54-9A1E7A4F7556}") = "FileSort.Domain", "FileSort.Domain\FileSort.Domain.csproj", "{A6B0C5CC-C4AD-4408-AD47-836AD2625225}"
EndProject
Project("{9A19103F-16F7-4668-BE54-9A1E7A4F7556}") = "FileSort.Core", "FileSort.Core\FileSort.Core.csproj", "{7897985D-D7C4-47B6-B195-58D41754698D}"
EndProject
Project("{9A19103F-16F7-4668-BE54-9A1E7A4F7556}") = "FileSort.GeneratorApp", "FileSort.GeneratorApp\FileSort.GeneratorApp.csproj", "{9870CC7B-442D-49C3-A867-B0442781480C}"
EndProject
Project("{9A19103F-16F7-4668-BE54-9A1E7A4F7556}") = "FileSort.ConsoleApp", "FileSort.ConsoleApp\FileSort.ConsoleApp.csproj", "{348A00F2-0C2C-4414-B3FC-980431B35E39}"
EndProject
Global
	GlobalSection(SolutionConfigurationPlatforms) = preSolution
		Debug|Any CPU = Debug|Any CPU
		Release|Any CPU = Release|Any CPU
	EndGlobalSection
	GlobalSection(ProjectConfigurationPlatforms) = postSolution
		{81FAF2A4-4475-4DBB-9F7A-CBC458496BC8}.Debug|Any CPU.ActiveCfg = Debug|Any CPU
		{81FAF2A4-4475-4DBB-9F7A-CBC458496BC8}.Debug|Any CPU.Build.0 = Debug|Any CPU
		{81FAF2A4-4475-4DBB-9F7A-CBC458496BC8}.Release|Any CPU.ActiveCfg = Release|Any CPU
		{81FAF2A4-4475-4DBB-9F7A-CBC458496BC8}.Release|Any CPU.Build.0 = Release|Any CPU
		{A6B0C5CC-C4AD-4408-AD47-836AD2625225}.Debug|Any CPU.ActiveCfg = Debug|Any CPU
		{A6B0C5CC-C4AD-4408-AD47-836AD2625225}.Debug|Any CPU.Build.0 = Debug|Any CPU
		{A6B0C5CC-C4AD-4408-AD47-836AD2625225}.Release|Any CPU.ActiveCfg = Release|Any CPU
		{A6B0C5CC-C4AD-4408-AD47-836AD2625225}.Release|Any CPU.Build.0 = Release|Any CPU
		{7897985D-D7C4-47B6-B195-58D41754698D}.Debug|Any CPU.ActiveCfg = Debug|Any CPU
		{7897985D-D7C4-47B6-B195-58D41754698D}.Debug|Any CPU.Build.0 = Debug|Any CPU
		{7897985D-D7C4-47B6-B195-58D41754698D}.Release|Any CPU.ActiveCfg = Release|Any CPU
		{7897985D-D7C4-47B6-B195-58D41754698D}.Release|Any CPU.Build.0 = Release|Any CPU
		{9870CC7B-442D-49C3-A867-B0442781480C}.Debug|Any CPU.ActiveCfg = Debug|Any CPU
		{9870CC7B-442D-49C3-A867-B0442781480C}.Debug|Any CPU.Build.0 = Debug|Any CPU
		{9870CC7B-442D-49C3-A867-B0442781480C}.Release|Any CPU.ActiveCfg = Release|Any CPU
		{9870CC7B-442D-49C3-A867-B0442781480C}.Release|Any CPU.Build.0 = Release|Any CPU
		{348A00F2-0C2C-4414-B3FC-980431B35E39}.Debug|Any CPU.ActiveCfg = Debug|Any CPU
		{348A00F2-0C2C-4414-B3FC-980431B35E39}.Debug|Any CPU.Build.0 = Debug|Any CPU
		{348A00F2-0C2C-4414-B3FC-980431B35E39}.Release|Any CPU.ActiveCfg = Release|Any CPU
		{348A00F2-0C2C-4414-B3FC-980431B35E39}.Release|Any CPU.Build.0 = Release|Any CPU
	EndGlobalSection
	GlobalSection(SolutionProperties) = preSolution
		HideSolutionNode = FALSE
	EndGlobalSection
	GlobalSection(ExtensibilityGlobals) = postSolution
		SolutionGuid = {27C5BA5C-6448-49C7-8998-DE296D960A9F}
	EndGlobalSection
EndGlobal
